
Microsoft Visual Studio Solution File, Format Version 12.00
# Visual Studio Version 17
VisualStudioVersion = 17.11.35208.52
MinimumVisualStudioVersion = 10.0.40219.1
Project("{8BC9CEB8-8B4A-11D0-8D11-00A0C91BC942}") = "lbyarch-mp2", "lbyarch-mp2.vcxproj", "{0C945D89-0DB1-4EB9-A147-C5903FAEA585}"
EndProject
Global
	GlobalSection(SolutionConfigurationPlatforms) = preSolution
		Debug|x64 = Debug|x64
		Debug|x86 = Debug|x86
		Release|x64 = Release|x64
		Release|x86 = Release|x86
	EndGlobalSection
	GlobalSection(ProjectConfigurationPlatforms) = postSolution
		{0C945D89-0DB1-4EB9-A147-C5903FAEA585}.Debug|x64.ActiveCfg = Debug|x64
		{0C945D89-0DB1-4EB9-A147-C5903FAEA585}.Debug|x64.Build.0 = Debug|x64
		{0C945D89-0DB1-4EB9-A147-C5903FAEA585}.Debug|x86.ActiveCfg = Debug|Win32
		{0C945D89-0DB1-4EB9-A147-C5903FAEA585}.Debug|x86.Build.0 = Debug|Win32
		{0C945D89-0DB1-4EB9-A147-C5903FAEA585}.Release|x64.ActiveCfg = Release|x64
		{0C945D89-0DB1-4EB9-A147-C5903FAEA585}.Release|x64.Build.0 = Release|x64
		{0C945D89-0DB1-4EB9-A147-C5903FAEA585}.Release|x86.ActiveCfg = Release|Win32
		{0C945D89-0DB1-4EB9-A147-C5903FAEA585}.Release|x86.Build.0 = Release|Win32
	EndGlobalSection
	GlobalSection(SolutionProperties) = preSolution
		HideSolutionNode = FALSE
	EndGlobalSection
	GlobalSection(ExtensibilityGlobals) = postSolution
		SolutionGuid = {298E3CCD-DE72-4379-AEDE-9F71769EE4D0}
	EndGlobalSection
EndGlobal
